{
  "name": "npmtest",
  "version": "1.0.0",
  "lockfileVersion": 3,
  "requires": true,
  "packages": {
    "": {
      "name": "npmtest",
      "version": "1.0.0",
      "license": "ISC",
      "dependencies": {
        "polynomial-regression": "^2.0.0"
      }
    },
    "node_modules/polynomial-regression": {
      "version": "2.0.0",
      "resolved": "https://registry.npmjs.org/polynomial-regression/-/polynomial-regression-2.0.0.tgz",
      "integrity": "sha512-Dj/ikoYlC6hIwqVMM4Dzn/+7WZrYQPk7EX+0GncMC7x0dz12D5w145FPr7Uh5HqxlHmLRXiPU78s/37wWMCChg=="
    }
  }
}
